
Microsoft Visual Studio Solution File, Format Version 12.00
# Visual Studio 15
VisualStudioVersion = 15.0.27130.2010
MinimumVisualStudioVersion = 10.0.40219.1
Project("{FAE04EC0-301F-11D3-BF4B-00C04F79EFBC}") = "ComicBookLibraryManager", "ComicBookLibraryManager\ComicBookLibraryManager.csproj", "{D30BE089-4B9E-4532-ABE8-5F33EF03C585}"
EndProject
Project("{FAE04EC0-301F-11D3-BF4B-00C04F79EFBC}") = "ComicBookShared", "ComicBookShared\ComicBookShared.csproj", "{0503DF25-B3C8-4AB7-A3BB-3B1CCA9CFDAC}"
EndProject
Project("{FAE04EC0-301F-11D3-BF4B-00C04F79EFBC}") = "ComicBookWebApp", "ComicBookWebApp\ComicBookWebApp.csproj", "{B40E4735-BEF7-49A9-B1C1-E988025DD584}"
EndProject
Global
	GlobalSection(SolutionConfigurationPlatforms) = preSolution
		Debug|Any CPU = Debug|Any CPU
		Release|Any CPU = Release|Any CPU
	EndGlobalSection
	GlobalSection(ProjectConfigurationPlatforms) = postSolution
		{D30BE089-4B9E-4532-ABE8-5F33EF03C585}.Debug|Any CPU.ActiveCfg = Debug|Any CPU
		{D30BE089-4B9E-4532-ABE8-5F33EF03C585}.Debug|Any CPU.Build.0 = Debug|Any CPU
		{D30BE089-4B9E-4532-ABE8-5F33EF03C585}.Release|Any CPU.ActiveCfg = Release|Any CPU
		{D30BE089-4B9E-4532-ABE8-5F33EF03C585}.Release|Any CPU.Build.0 = Release|Any CPU
		{0503DF25-B3C8-4AB7-A3BB-3B1CCA9CFDAC}.Debug|Any CPU.ActiveCfg = Debug|Any CPU
		{0503DF25-B3C8-4AB7-A3BB-3B1CCA9CFDAC}.Debug|Any CPU.Build.0 = Debug|Any CPU
		{0503DF25-B3C8-4AB7-A3BB-3B1CCA9CFDAC}.Release|Any CPU.ActiveCfg = Release|Any CPU
		{0503DF25-B3C8-4AB7-A3BB-3B1CCA9CFDAC}.Release|Any CPU.Build.0 = Release|Any CPU
		{B40E4735-BEF7-49A9-B1C1-E988025DD584}.Debug|Any CPU.ActiveCfg = Debug|Any CPU
		{B40E4735-BEF7-49A9-B1C1-E988025DD584}.Debug|Any CPU.Build.0 = Debug|Any CPU
		{B40E4735-BEF7-49A9-B1C1-E988025DD584}.Release|Any CPU.ActiveCfg = Release|Any CPU
		{B40E4735-BEF7-49A9-B1C1-E988025DD584}.Release|Any CPU.Build.0 = Release|Any CPU
	EndGlobalSection
	GlobalSection(SolutionProperties) = preSolution
		HideSolutionNode = FALSE
	EndGlobalSection
	GlobalSection(ExtensibilityGlobals) = postSolution
		SolutionGuid = {F4B6555F-36AF-45CB-A522-D95B65534117}
	EndGlobalSection
EndGlobal
